PODS:
  - Alamofire (4.8.0)
  - Down (0.6.2)

DEPENDENCIES:
  - Alamofire
  - Down

SPEC REPOS:
  https://github.com/cocoapods/specs.git:
    - Alamofire
    - Down

SPEC CHECKSUMS:
  Alamofire: 3ec537f71edc9804815215393ae2b1a8ea33a844
  Down: 8c59a03cb229ef28dfa774b2132da860f3dee0ac

PODFILE CHECKSUM: 98c1c156387933ed1a59fdd5ff3274e9ef874ed7

COCOAPODS: 1.7.2
