// !$*UTF8*$!
{
	archiveVersion = 1;
	classes = {
	};
	objectVersion = 51;
	objects = {

/* Begin PBXBuildFile section */
		091699E8E7BFA2642CE2E239 /* Pods_Dev_br_VagasTests.framework in Frameworks */ = {isa = PBXBuildFile; fileRef = 260D3B643979ECDEF1365B83 /* Pods_Dev_br_VagasTests.framework */; };
		2B0F7B78235E3E6E00D6C119 /* UserDefaultManager.swift in Sources */ = {isa = PBXBuildFile; fileRef = 2B0F7B77235E3E6E00D6C119 /* UserDefaultManager.swift */; };
		2B0F7B7E235E3F4700D6C119 /* FavoriteUseCase.swift in Sources */ = {isa = PBXBuildFile; fileRef = 2B0F7B7D235E3F4700D6C119 /* FavoriteUseCase.swift */; };
		2B0F7B80235E3F6B00D6C119 /* FavoriteGateway.swift in Sources */ = {isa = PBXBuildFile; fileRef = 2B0F7B7F235E3F6B00D6C119 /* FavoriteGateway.swift */; };
		2B0F7B82235E571200D6C119 /* Button.swift in Sources */ = {isa = PBXBuildFile; fileRef = 2B0F7B81235E571200D6C119 /* Button.swift */; };
		2B0F7B85235E57FD00D6C119 /* UIColor.swift in Sources */ = {isa = PBXBuildFile; fileRef = 2B0F7B84235E57FD00D6C119 /* UIColor.swift */; };
		2BB44AD3235E15F500DDA0DE /* UserImageGateway.swift in Sources */ = {isa = PBXBuildFile; fileRef = 2BB44ABB235E15F500DDA0DE /* UserImageGateway.swift */; };
		2BB44AD4235E15F500DDA0DE /* UserImageUseCase.swift in Sources */ = {isa = PBXBuildFile; fileRef = 2BB44ABC235E15F500DDA0DE /* UserImageUseCase.swift */; };
		2BB44AD5235E15F500DDA0DE /* UserImagePresenter.swift in Sources */ = {isa = PBXBuildFile; fileRef = 2BB44ABD235E15F500DDA0DE /* UserImagePresenter.swift */; };
		2BB44AD6235E15F500DDA0DE /* IssueGateway.swift in Sources */ = {isa = PBXBuildFile; fileRef = 2BB44ABF235E15F500DDA0DE /* IssueGateway.swift */; };
		2BB44AD7235E15F500DDA0DE /* IssuePresenter.swift in Sources */ = {isa = PBXBuildFile; fileRef = 2BB44AC0235E15F500DDA0DE /* IssuePresenter.swift */; };
		2BB44AD8235E15F500DDA0DE /* IssueUseCase.swift in Sources */ = {isa = PBXBuildFile; fileRef = 2BB44AC1235E15F500DDA0DE /* IssueUseCase.swift */; };
		2BB44AD9235E15F500DDA0DE /* HomeView.swift in Sources */ = {isa = PBXBuildFile; fileRef = 2BB44AC4235E15F500DDA0DE /* HomeView.swift */; };
		2BB44ADA235E15F500DDA0DE /* HomeViewController.swift in Sources */ = {isa = PBXBuildFile; fileRef = 2BB44AC5235E15F500DDA0DE /* HomeViewController.swift */; };
		2BB44ADB235E15F500DDA0DE /* DetailsView.swift in Sources */ = {isa = PBXBuildFile; fileRef = 2BB44AC7235E15F500DDA0DE /* DetailsView.swift */; };
		2BB44ADC235E15F500DDA0DE /* DetailsViewController.swift in Sources */ = {isa = PBXBuildFile; fileRef = 2BB44AC8235E15F500DDA0DE /* DetailsViewController.swift */; };
		2BB44ADD235E15F500DDA0DE /* ApiManager.swift in Sources */ = {isa = PBXBuildFile; fileRef = 2BB44ACA235E15F500DDA0DE /* ApiManager.swift */; };
		2BB44ADE235E15F500DDA0DE /* CardView.swift in Sources */ = {isa = PBXBuildFile; fileRef = 2BB44ACC235E15F500DDA0DE /* CardView.swift */; };
		2BB44ADF235E15F500DDA0DE /* IssueCardTableViewCell.swift in Sources */ = {isa = PBXBuildFile; fileRef = 2BB44ACD235E15F500DDA0DE /* IssueCardTableViewCell.swift */; };
		2BB44AE0235E15F500DDA0DE /* CustomError.swift in Sources */ = {isa = PBXBuildFile; fileRef = 2BB44ACE235E15F500DDA0DE /* CustomError.swift */; };
		2BB44AE1235E15F500DDA0DE /* CustomView.swift in Sources */ = {isa = PBXBuildFile; fileRef = 2BB44AD0235E15F500DDA0DE /* CustomView.swift */; };
		2BB44AE2235E15F500DDA0DE /* CodeView.swift in Sources */ = {isa = PBXBuildFile; fileRef = 2BB44AD1235E15F500DDA0DE /* CodeView.swift */; };
		2BB44AE3235E15F500DDA0DE /* AvatarImageView.swift in Sources */ = {isa = PBXBuildFile; fileRef = 2BB44AD2235E15F500DDA0DE /* AvatarImageView.swift */; };
		2BB44AE7235E160200DDA0DE /* User.swift in Sources */ = {isa = PBXBuildFile; fileRef = 2BB44AE5235E160200DDA0DE /* User.swift */; };
		2BB44AE8235E160200DDA0DE /* Issue.swift in Sources */ = {isa = PBXBuildFile; fileRef = 2BB44AE6235E160200DDA0DE /* Issue.swift */; };
		2BDAE2F8235E157B002DBE84 /* AppDelegate.swift in Sources */ = {isa = PBXBuildFile; fileRef = 2BDAE2F7235E157B002DBE84 /* AppDelegate.swift */; };
		2BDAE2FA235E157B002DBE84 /* SceneDelegate.swift in Sources */ = {isa = PBXBuildFile; fileRef = 2BDAE2F9235E157B002DBE84 /* SceneDelegate.swift */; };
		2BDAE301235E157D002DBE84 /* Assets.xcassets in Resources */ = {isa = PBXBuildFile; fileRef = 2BDAE300235E157D002DBE84 /* Assets.xcassets */; };
		2BDAE304235E157D002DBE84 /* LaunchScreen.storyboard in Resources */ = {isa = PBXBuildFile; fileRef = 2BDAE302235E157D002DBE84 /* LaunchScreen.storyboard */; };
		2BDAE30F235E157D002DBE84 /* Dev_br_VagasTests.swift in Sources */ = {isa = PBXBuildFile; fileRef = 2BDAE30E235E157D002DBE84 /* Dev_br_VagasTests.swift */; };
		2BED14D3235FA35F00A9BF35 /* Label.swift in Sources */ = {isa = PBXBuildFile; fileRef = 2BED14D2235FA35F00A9BF35 /* Label.swift */; };
		3FACB738C776FCED767F965A /* Pods_Dev_br_Vagas.framework in Frameworks */ = {isa = PBXBuildFile; fileRef = 9DAE6BB6F3C2CC0D1A0A12AE /* Pods_Dev_br_Vagas.framework */; };
/* End PBXBuildFile section */

/* Begin PBXContainerItemProxy section */
		2BDAE30B235E157D002DBE84 /* PBXContainerItemProxy */ = {
			isa = PBXContainerItemProxy;
			containerPortal = 2BDAE2EC235E157B002DBE84 /* Project object */;
			proxyType = 1;
			remoteGlobalIDString = 2BDAE2F3235E157B002DBE84;
			remoteInfo = "Dev.br Vagas";
		};
/* End PBXContainerItemProxy section */

/* Begin PBXFileReference section */
		260D3B643979ECDEF1365B83 /* Pods_Dev_br_VagasTests.framework */ = {isa = PBXFileReference; explicitFileType = wrapper.framework; includeInIndex = 0; path = Pods_Dev_br_VagasTests.framework; sourceTree = BUILT_PRODUCTS_DIR; };
		2B0F7B77235E3E6E00D6C119 /* UserDefaultManager.swift */ = {isa = PBXFileReference; lastKnownFileType = sourcecode.swift; path = UserDefaultManager.swift; sourceTree = "<group>"; };
		2B0F7B7D235E3F4700D6C119 /* FavoriteUseCase.swift */ = {isa = PBXFileReference; lastKnownFileType = sourcecode.swift; path = FavoriteUseCase.swift; sourceTree = "<group>"; };
		2B0F7B7F235E3F6B00D6C119 /* FavoriteGateway.swift */ = {isa = PBXFileReference; lastKnownFileType = sourcecode.swift; path = FavoriteGateway.swift; sourceTree = "<group>"; };
		2B0F7B81235E571200D6C119 /* Button.swift */ = {isa = PBXFileReference; lastKnownFileType = sourcecode.swift; path = Button.swift; sourceTree = "<group>"; };
		2B0F7B84235E57FD00D6C119 /* UIColor.swift */ = {isa = PBXFileReference; lastKnownFileType = sourcecode.swift; path = UIColor.swift; sourceTree = "<group>"; };
		2BB44ABB235E15F500DDA0DE /* UserImageGateway.swift */ = {isa = PBXFileReference; fileEncoding = 4; lastKnownFileType = sourcecode.swift; path = UserImageGateway.swift; sourceTree = "<group>"; };
		2BB44ABC235E15F500DDA0DE /* UserImageUseCase.swift */ = {isa = PBXFileReference; fileEncoding = 4; lastKnownFileType = sourcecode.swift; path = UserImageUseCase.swift; sourceTree = "<group>"; };
		2BB44ABD235E15F500DDA0DE /* UserImagePresenter.swift */ = {isa = PBXFileReference; fileEncoding = 4; lastKnownFileType = sourcecode.swift; path = UserImagePresenter.swift; sourceTree = "<group>"; };
		2BB44ABF235E15F500DDA0DE /* IssueGateway.swift */ = {isa = PBXFileReference; fileEncoding = 4; lastKnownFileType = sourcecode.swift; path = IssueGateway.swift; sourceTree = "<group>"; };
		2BB44AC0235E15F500DDA0DE /* IssuePresenter.swift */ = {isa = PBXFileReference; fileEncoding = 4; lastKnownFileType = sourcecode.swift; path = IssuePresenter.swift; sourceTree = "<group>"; };
		2BB44AC1235E15F500DDA0DE /* IssueUseCase.swift */ = {isa = PBXFileReference; fileEncoding = 4; lastKnownFileType = sourcecode.swift; path = IssueUseCase.swift; sourceTree = "<group>"; };
		2BB44AC4235E15F500DDA0DE /* HomeView.swift */ = {isa = PBXFileReference; fileEncoding = 4; lastKnownFileType = sourcecode.swift; path = HomeView.swift; sourceTree = "<group>"; };
		2BB44AC5235E15F500DDA0DE /* HomeViewController.swift */ = {isa = PBXFileReference; fileEncoding = 4; lastKnownFileType = sourcecode.swift; path = HomeViewController.swift; sourceTree = "<group>"; };
		2BB44AC7235E15F500DDA0DE /* DetailsView.swift */ = {isa = PBXFileReference; fileEncoding = 4; lastKnownFileType = sourcecode.swift; path = DetailsView.swift; sourceTree = "<group>"; };
		2BB44AC8235E15F500DDA0DE /* DetailsViewController.swift */ = {isa = PBXFileReference; fileEncoding = 4; lastKnownFileType = sourcecode.swift; path = DetailsViewController.swift; sourceTree = "<group>"; };
		2BB44ACA235E15F500DDA0DE /* ApiManager.swift */ = {isa = PBXFileReference; fileEncoding = 4; lastKnownFileType = sourcecode.swift; path = ApiManager.swift; sourceTree = "<group>"; };
		2BB44ACC235E15F500DDA0DE /* CardView.swift */ = {isa = PBXFileReference; fileEncoding = 4; lastKnownFileType = sourcecode.swift; path = CardView.swift; sourceTree = "<group>"; };
		2BB44ACD235E15F500DDA0DE /* IssueCardTableViewCell.swift */ = {isa = PBXFileReference; fileEncoding = 4; lastKnownFileType = sourcecode.swift; path = IssueCardTableViewCell.swift; sourceTree = "<group>"; };
		2BB44ACE235E15F500DDA0DE /* CustomError.swift */ = {isa = PBXFileReference; fileEncoding = 4; lastKnownFileType = sourcecode.swift; path = CustomError.swift; sourceTree = "<group>"; };
		2BB44AD0235E15F500DDA0DE /* CustomView.swift */ = {isa = PBXFileReference; fileEncoding = 4; lastKnownFileType = sourcecode.swift; path = CustomView.swift; sourceTree = "<group>"; };
		2BB44AD1235E15F500DDA0DE /* CodeView.swift */ = {isa = PBXFileReference; fileEncoding = 4; lastKnownFileType = sourcecode.swift; path = CodeView.swift; sourceTree = "<group>"; };
		2BB44AD2235E15F500DDA0DE /* AvatarImageView.swift */ = {isa = PBXFileReference; fileEncoding = 4; lastKnownFileType = sourcecode.swift; path = AvatarImageView.swift; sourceTree = "<group>"; };
		2BB44AE5235E160200DDA0DE /* User.swift */ = {isa = PBXFileReference; fileEncoding = 4; lastKnownFileType = sourcecode.swift; path = User.swift; sourceTree = "<group>"; };
		2BB44AE6235E160200DDA0DE /* Issue.swift */ = {isa = PBXFileReference; fileEncoding = 4; lastKnownFileType = sourcecode.swift; path = Issue.swift; sourceTree = "<group>"; };
		2BDAE2F4235E157B002DBE84 /* Dev.br Vagas.app */ = {isa = PBXFileReference; explicitFileType = wrapper.application; includeInIndex = 0; path = "Dev.br Vagas.app"; sourceTree = BUILT_PRODUCTS_DIR; };
		2BDAE2F7235E157B002DBE84 /* AppDelegate.swift */ = {isa = PBXFileReference; lastKnownFileType = sourcecode.swift; path = AppDelegate.swift; sourceTree = "<group>"; };
		2BDAE2F9235E157B002DBE84 /* SceneDelegate.swift */ = {isa = PBXFileReference; lastKnownFileType = sourcecode.swift; path = SceneDelegate.swift; sourceTree = "<group>"; };
		2BDAE300235E157D002DBE84 /* Assets.xcassets */ = {isa = PBXFileReference; lastKnownFileType = folder.assetcatalog; path = Assets.xcassets; sourceTree = "<group>"; };
		2BDAE303235E157D002DBE84 /* Base */ = {isa = PBXFileReference; lastKnownFileType = file.storyboard; name = Base; path = Base.lproj/LaunchScreen.storyboard; sourceTree = "<group>"; };
		2BDAE305235E157D002DBE84 /* Info.plist */ = {isa = PBXFileReference; lastKnownFileType = text.plist.xml; path = Info.plist; sourceTree = "<group>"; };
		2BDAE30A235E157D002DBE84 /* Dev.br VagasTests.xctest */ = {isa = PBXFileReference; explicitFileType = wrapper.cfbundle; includeInIndex = 0; path = "Dev.br VagasTests.xctest"; sourceTree = BUILT_PRODUCTS_DIR; };
		2BDAE30E235E157D002DBE84 /* Dev_br_VagasTests.swift */ = {isa = PBXFileReference; lastKnownFileType = sourcecode.swift; path = Dev_br_VagasTests.swift; sourceTree = "<group>"; };
		2BDAE310235E157D002DBE84 /* Info.plist */ = {isa = PBXFileReference; lastKnownFileType = text.plist.xml; path = Info.plist; sourceTree = "<group>"; };
		2BED14D2235FA35F00A9BF35 /* Label.swift */ = {isa = PBXFileReference; lastKnownFileType = sourcecode.swift; path = Label.swift; sourceTree = "<group>"; };
		6F522D2E25062360F62EF483 /* Pods-Dev.br Vagas.release.xcconfig */ = {isa = PBXFileReference; includeInIndex = 1; lastKnownFileType = text.xcconfig; name = "Pods-Dev.br Vagas.release.xcconfig"; path = "Target Support Files/Pods-Dev.br Vagas/Pods-Dev.br Vagas.release.xcconfig"; sourceTree = "<group>"; };
		9352AD7097F5D13AE0DD8521 /* Pods-Dev.br Vagas.debug.xcconfig */ = {isa = PBXFileReference; includeInIndex = 1; lastKnownFileType = text.xcconfig; name = "Pods-Dev.br Vagas.debug.xcconfig"; path = "Target Support Files/Pods-Dev.br Vagas/Pods-Dev.br Vagas.debug.xcconfig"; sourceTree = "<group>"; };
		9536202F30F4E5AFB120E7C9 /* Pods-Dev.br VagasTests.release.xcconfig */ = {isa = PBXFileReference; includeInIndex = 1; lastKnownFileType = text.xcconfig; name = "Pods-Dev.br VagasTests.release.xcconfig"; path = "Target Support Files/Pods-Dev.br VagasTests/Pods-Dev.br VagasTests.release.xcconfig"; sourceTree = "<group>"; };
		9DAE6BB6F3C2CC0D1A0A12AE /* Pods_Dev_br_Vagas.framework */ = {isa = PBXFileReference; explicitFileType = wrapper.framework; includeInIndex = 0; path = Pods_Dev_br_Vagas.framework; sourceTree = BUILT_PRODUCTS_DIR; };
		EC66C23F1A03576C92EFFFEA /* Pods-Dev.br VagasTests.debug.xcconfig */ = {isa = PBXFileReference; includeInIndex = 1; lastKnownFileType = text.xcconfig; name = "Pods-Dev.br VagasTests.debug.xcconfig"; path = "Target Support Files/Pods-Dev.br VagasTests/Pods-Dev.br VagasTests.debug.xcconfig"; sourceTree = "<group>"; };
/* End PBXFileReference section */

/* Begin PBXFrameworksBuildPhase section */
		2BDAE2F1235E157B002DBE84 /* Frameworks */ = {
			isa = PBXFrameworksBuildPhase;
			buildActionMask = 2147483647;
			files = (
				3FACB738C776FCED767F965A /* Pods_Dev_br_Vagas.framework in Frameworks */,
			);
			runOnlyForDeploymentPostprocessing = 0;
		};
		2BDAE307235E157D002DBE84 /* Frameworks */ = {
			isa = PBXFrameworksBuildPhase;
			buildActionMask = 2147483647;
			files = (
				091699E8E7BFA2642CE2E239 /* Pods_Dev_br_VagasTests.framework in Frameworks */,
			);
			runOnlyForDeploymentPostprocessing = 0;
		};
/* End PBXFrameworksBuildPhase section */

/* Begin PBXGroup section */
		2B0F7B79235E3EA300D6C119 /* Favorite */ = {
			isa = PBXGroup;
			children = (
				2B0F7B7D235E3F4700D6C119 /* FavoriteUseCase.swift */,
				2B0F7B7F235E3F6B00D6C119 /* FavoriteGateway.swift */,
			);
			path = Favorite;
			sourceTree = "<group>";
		};
		2B0F7B83235E57F000D6C119 /* Extensions */ = {
			isa = PBXGroup;
			children = (
				2B0F7B84235E57FD00D6C119 /* UIColor.swift */,
			);
			path = Extensions;
			sourceTree = "<group>";
		};
		2BB44AB9235E15F500DDA0DE /* UseCases */ = {
			isa = PBXGroup;
			children = (
				2B0F7B79235E3EA300D6C119 /* Favorite */,
				2BB44ABA235E15F500DDA0DE /* UserImage */,
				2BB44ABE235E15F500DDA0DE /* Issue */,
			);
			path = UseCases;
			sourceTree = "<group>";
		};
		2BB44ABA235E15F500DDA0DE /* UserImage */ = {
			isa = PBXGroup;
			children = (
				2BB44ABB235E15F500DDA0DE /* UserImageGateway.swift */,
				2BB44ABC235E15F500DDA0DE /* UserImageUseCase.swift */,
				2BB44ABD235E15F500DDA0DE /* UserImagePresenter.swift */,
			);
			path = UserImage;
			sourceTree = "<group>";
		};
		2BB44ABE235E15F500DDA0DE /* Issue */ = {
			isa = PBXGroup;
			children = (
				2BB44ABF235E15F500DDA0DE /* IssueGateway.swift */,
				2BB44AC0235E15F500DDA0DE /* IssuePresenter.swift */,
				2BB44AC1235E15F500DDA0DE /* IssueUseCase.swift */,
			);
			path = Issue;
			sourceTree = "<group>";
		};
		2BB44AC2235E15F500DDA0DE /* Views */ = {
			isa = PBXGroup;
			children = (
				2BB44AC3235E15F500DDA0DE /* Home */,
				2BB44AC6235E15F500DDA0DE /* Details */,
			);
			path = Views;
			sourceTree = "<group>";
		};
		2BB44AC3235E15F500DDA0DE /* Home */ = {
			isa = PBXGroup;
			children = (
				2BB44AC4235E15F500DDA0DE /* HomeView.swift */,
				2BB44AC5235E15F500DDA0DE /* HomeViewController.swift */,
			);
			path = Home;
			sourceTree = "<group>";
		};
		2BB44AC6235E15F500DDA0DE /* Details */ = {
			isa = PBXGroup;
			children = (
				2BB44AC7235E15F500DDA0DE /* DetailsView.swift */,
				2BB44AC8235E15F500DDA0DE /* DetailsViewController.swift */,
			);
			path = Details;
			sourceTree = "<group>";
		};
		2BB44AC9235E15F500DDA0DE /* Shared */ = {
			isa = PBXGroup;
			children = (
				2B0F7B83235E57F000D6C119 /* Extensions */,
				2B0F7B77235E3E6E00D6C119 /* UserDefaultManager.swift */,
				2BB44ACA235E15F500DDA0DE /* ApiManager.swift */,
				2BB44ACB235E15F500DDA0DE /* Components */,
				2BB44ACE235E15F500DDA0DE /* CustomError.swift */,
				2BB44ACF235E15F500DDA0DE /* Protocols */,
			);
			path = Shared;
			sourceTree = "<group>";
		};
		2BB44ACB235E15F500DDA0DE /* Components */ = {
			isa = PBXGroup;
			children = (
				2BB44ACC235E15F500DDA0DE /* CardView.swift */,
				2BB44ACD235E15F500DDA0DE /* IssueCardTableViewCell.swift */,
				2B0F7B81235E571200D6C119 /* Button.swift */,
			);
			path = Components;
			sourceTree = "<group>";
		};
		2BB44ACF235E15F500DDA0DE /* Protocols */ = {
			isa = PBXGroup;
			children = (
				2BB44AD0235E15F500DDA0DE /* CustomView.swift */,
				2BB44AD1235E15F500DDA0DE /* CodeView.swift */,
				2BB44AD2235E15F500DDA0DE /* AvatarImageView.swift */,
			);
			path = Protocols;
			sourceTree = "<group>";
		};
		2BB44AE4235E160200DDA0DE /* Models */ = {
			isa = PBXGroup;
			children = (
				2BB44AE5235E160200DDA0DE /* User.swift */,
				2BB44AE6235E160200DDA0DE /* Issue.swift */,
				2BED14D2235FA35F00A9BF35 /* Label.swift */,
			);
			path = Models;
			sourceTree = "<group>";
		};
		2BDAE2EB235E157B002DBE84 = {
			isa = PBXGroup;
			children = (
				2BDAE2F6235E157B002DBE84 /* Dev.br Vagas */,
				2BDAE30D235E157D002DBE84 /* Dev.br VagasTests */,
				2BDAE2F5235E157B002DBE84 /* Products */,
				666DD5E15BF5CCCAC7A209D5 /* Pods */,
				A9DE26446E0D1AFF5987C3A6 /* Frameworks */,
			);
			sourceTree = "<group>";
		};
		2BDAE2F5235E157B002DBE84 /* Products */ = {
			isa = PBXGroup;
			children = (
				2BDAE2F4235E157B002DBE84 /* Dev.br Vagas.app */,
				2BDAE30A235E157D002DBE84 /* Dev.br VagasTests.xctest */,
			);
			name = Products;
			sourceTree = "<group>";
		};
		2BDAE2F6235E157B002DBE84 /* Dev.br Vagas */ = {
			isa = PBXGroup;
			children = (
				2BDAE2F7235E157B002DBE84 /* AppDelegate.swift */,
				2BDAE2F9235E157B002DBE84 /* SceneDelegate.swift */,
				2BB44AC9235E15F500DDA0DE /* Shared */,
				2BB44AB9235E15F500DDA0DE /* UseCases */,
				2BB44AC2235E15F500DDA0DE /* Views */,
				2BB44AE4235E160200DDA0DE /* Models */,
				2BDAE300235E157D002DBE84 /* Assets.xcassets */,
				2BDAE302235E157D002DBE84 /* LaunchScreen.storyboard */,
				2BDAE305235E157D002DBE84 /* Info.plist */,
			);
			path = "Dev.br Vagas";
			sourceTree = "<group>";
		};
		2BDAE30D235E157D002DBE84 /* Dev.br VagasTests */ = {
			isa = PBXGroup;
			children = (
				2BDAE30E235E157D002DBE84 /* Dev_br_VagasTests.swift */,
				2BDAE310235E157D002DBE84 /* Info.plist */,
			);
			path = "Dev.br VagasTests";
			sourceTree = "<group>";
		};
		666DD5E15BF5CCCAC7A209D5 /* Pods */ = {
			isa = PBXGroup;
			children = (
				9352AD7097F5D13AE0DD8521 /* Pods-Dev.br Vagas.debug.xcconfig */,
				6F522D2E25062360F62EF483 /* Pods-Dev.br Vagas.release.xcconfig */,
				EC66C23F1A03576C92EFFFEA /* Pods-Dev.br VagasTests.debug.xcconfig */,
				9536202F30F4E5AFB120E7C9 /* Pods-Dev.br VagasTests.release.xcconfig */,
			);
			path = Pods;
			sourceTree = "<group>";
		};
		A9DE26446E0D1AFF5987C3A6 /* Frameworks */ = {
			isa = PBXGroup;
			children = (
				9DAE6BB6F3C2CC0D1A0A12AE /* Pods_Dev_br_Vagas.framework */,
				260D3B643979ECDEF1365B83 /* Pods_Dev_br_VagasTests.framework */,
			);
			name = Frameworks;
			sourceTree = "<group>";
		};
/* End PBXGroup section */

/* Begin PBXNativeTarget section */
		2BDAE2F3235E157B002DBE84 /* Dev.br Vagas */ = {
			isa = PBXNativeTarget;
			buildConfigurationList = 2BDAE313235E157D002DBE84 /* Build configuration list for PBXNativeTarget "Dev.br Vagas" */;
			buildPhases = (
				434780C898DD486C24C49E71 /* [CP] Check Pods Manifest.lock */,
				2BDAE2F0235E157B002DBE84 /* Sources */,
				2BDAE2F1235E157B002DBE84 /* Frameworks */,
				2BDAE2F2235E157B002DBE84 /* Resources */,
				6710C5468E43C89E8FAF9F7B /* [CP] Embed Pods Frameworks */,
			);
			buildRules = (
			);
			dependencies = (
			);
			name = "Dev.br Vagas";
			productName = "Dev.br Vagas";
			productReference = 2BDAE2F4235E157B002DBE84 /* Dev.br Vagas.app */;
			productType = "com.apple.product-type.application";
		};
		2BDAE309235E157D002DBE84 /* Dev.br VagasTests */ = {
			isa = PBXNativeTarget;
			buildConfigurationList = 2BDAE316235E157D002DBE84 /* Build configuration list for PBXNativeTarget "Dev.br VagasTests" */;
			buildPhases = (
				C066765775352BE798AB817E /* [CP] Check Pods Manifest.lock */,
				2BDAE306235E157D002DBE84 /* Sources */,
				2BDAE307235E157D002DBE84 /* Frameworks */,
				2BDAE308235E157D002DBE84 /* Resources */,
			);
			buildRules = (
			);
			dependencies = (
				2BDAE30C235E157D002DBE84 /* PBXTargetDependency */,
			);
			name = "Dev.br VagasTests";
			productName = "Dev.br VagasTests";
			productReference = 2BDAE30A235E157D002DBE84 /* Dev.br VagasTests.xctest */;
			productType = "com.apple.product-type.bundle.unit-test";
		};
/* End PBXNativeTarget section */

/* Begin PBXProject section */
		2BDAE2EC235E157B002DBE84 /* Project object */ = {
			isa = PBXProject;
			attributes = {
				LastSwiftUpdateCheck = 1100;
				LastUpgradeCheck = 1100;
				ORGANIZATIONNAME = "Paulo José";
				TargetAttributes = {
					2BDAE2F3235E157B002DBE84 = {
						CreatedOnToolsVersion = 11.0;
					};
					2BDAE309235E157D002DBE84 = {
						CreatedOnToolsVersion = 11.0;
						TestTargetID = 2BDAE2F3235E157B002DBE84;
					};
				};
			};
			buildConfigurationList = 2BDAE2EF235E157B002DBE84 /* Build configuration list for PBXProject "Dev.br Vagas" */;
			compatibilityVersion = "Xcode 9.3";
			developmentRegion = en;
			hasScannedForEncodings = 0;
			knownRegions = (
				en,
				Base,
			);
			mainGroup = 2BDAE2EB235E157B002DBE84;
			productRefGroup = 2BDAE2F5235E157B002DBE84 /* Products */;
			projectDirPath = "";
			projectRoot = "";
			targets = (
				2BDAE2F3235E157B002DBE84 /* Dev.br Vagas */,
				2BDAE309235E157D002DBE84 /* Dev.br VagasTests */,
			);
		};
/* End PBXProject section */

/* Begin PBXResourcesBuildPhase section */
		2BDAE2F2235E157B002DBE84 /* Resources */ = {
			isa = PBXResourcesBuildPhase;
			buildActionMask = 2147483647;
			files = (
				2BDAE304235E157D002DBE84 /* LaunchScreen.storyboard in Resources */,
				2BDAE301235E157D002DBE84 /* Assets.xcassets in Resources */,
			);
			runOnlyForDeploymentPostprocessing = 0;
		};
		2BDAE308235E157D002DBE84 /* Resources */ = {
			isa = PBXResourcesBuildPhase;
			buildActionMask = 2147483647;
			files = (
			);
			runOnlyForDeploymentPostprocessing = 0;
		};
/* End PBXResourcesBuildPhase section */

/* Begin PBXShellScriptBuildPhase section */
		434780C898DD486C24C49E71 /* [CP] Check Pods Manifest.lock */ = {
			isa = PBXShellScriptBuildPhase;
			buildActionMask = 2147483647;
			files = (
			);
			inputFileListPaths = (
			);
			inputPaths = (
				"${PODS_PODFILE_DIR_PATH}/Podfile.lock",
				"${PODS_ROOT}/Manifest.lock",
			);
			name = "[CP] Check Pods Manifest.lock";
			outputFileListPaths = (
			);
			outputPaths = (
				"$(DERIVED_FILE_DIR)/Pods-Dev.br Vagas-checkManifestLockResult.txt",
			);
			runOnlyForDeploymentPostprocessing = 0;
			shellPath = /bin/sh;
			shellScript = "diff \"${PODS_PODFILE_DIR_PATH}/Podfile.lock\" \"${PODS_ROOT}/Manifest.lock\" > /dev/null\nif [ $? != 0 ] ; then\n    # print error to STDERR\n    echo \"error: The sandbox is not in sync with the Podfile.lock. Run 'pod install' or update your CocoaPods installation.\" >&2\n    exit 1\nfi\n# This output is used by Xcode 'outputs' to avoid re-running this script phase.\necho \"SUCCESS\" > \"${SCRIPT_OUTPUT_FILE_0}\"\n";
			showEnvVarsInLog = 0;
		};
		6710C5468E43C89E8FAF9F7B /* [CP] Embed Pods Frameworks */ = {
			isa = PBXShellScriptBuildPhase;
			buildActionMask = 2147483647;
			files = (
			);
			inputFileListPaths = (
				"${PODS_ROOT}/Target Support Files/Pods-Dev.br Vagas/Pods-Dev.br Vagas-frameworks-${CONFIGURATION}-input-files.xcfilelist",
			);
			name = "[CP] Embed Pods Frameworks";
			outputFileListPaths = (
				"${PODS_ROOT}/Target Support Files/Pods-Dev.br Vagas/Pods-Dev.br Vagas-frameworks-${CONFIGURATION}-output-files.xcfilelist",
			);
			runOnlyForDeploymentPostprocessing = 0;
			shellPath = /bin/sh;
			shellScript = "\"${PODS_ROOT}/Target Support Files/Pods-Dev.br Vagas/Pods-Dev.br Vagas-frameworks.sh\"\n";
			showEnvVarsInLog = 0;
		};
		C066765775352BE798AB817E /* [CP] Check Pods Manifest.lock */ = {
			isa = PBXShellScriptBuildPhase;
			buildActionMask = 2147483647;
			files = (
			);
			inputFileListPaths = (
			);
			inputPaths = (
				"${PODS_PODFILE_DIR_PATH}/Podfile.lock",
				"${PODS_ROOT}/Manifest.lock",
			);
			name = "[CP] Check Pods Manifest.lock";
			outputFileListPaths = (
			);
			outputPaths = (
				"$(DERIVED_FILE_DIR)/Pods-Dev.br VagasTests-checkManifestLockResult.txt",
			);
			runOnlyForDeploymentPostprocessing = 0;
			shellPath = /bin/sh;
			shellScript = "diff \"${PODS_PODFILE_DIR_PATH}/Podfile.lock\" \"${PODS_ROOT}/Manifest.lock\" > /dev/null\nif [ $? != 0 ] ; then\n    # print error to STDERR\n    echo \"error: The sandbox is not in sync with the Podfile.lock. Run 'pod install' or update your CocoaPods installation.\" >&2\n    exit 1\nfi\n# This output is used by Xcode 'outputs' to avoid re-running this script phase.\necho \"SUCCESS\" > \"${SCRIPT_OUTPUT_FILE_0}\"\n";
			showEnvVarsInLog = 0;
		};
/* End PBXShellScriptBuildPhase section */

/* Begin PBXSourcesBuildPhase section */
		2BDAE2F0235E157B002DBE84 /* Sources */ = {
			isa = PBXSourcesBuildPhase;
			buildActionMask = 2147483647;
			files = (
				2BB44AD8235E15F500DDA0DE /* IssueUseCase.swift in Sources */,
				2B0F7B7E235E3F4700D6C119 /* FavoriteUseCase.swift in Sources */,
				2BB44AE8235E160200DDA0DE /* Issue.swift in Sources */,
				2BB44AE3235E15F500DDA0DE /* AvatarImageView.swift in Sources */,
				2B0F7B80235E3F6B00D6C119 /* FavoriteGateway.swift in Sources */,
				2BB44AD7235E15F500DDA0DE /* IssuePresenter.swift in Sources */,
				2BB44AE0235E15F500DDA0DE /* CustomError.swift in Sources */,
				2BB44AE1235E15F500DDA0DE /* CustomView.swift in Sources */,
				2BB44AD9235E15F500DDA0DE /* HomeView.swift in Sources */,
				2B0F7B85235E57FD00D6C119 /* UIColor.swift in Sources */,
				2BB44ADE235E15F500DDA0DE /* CardView.swift in Sources */,
				2BB44AD4235E15F500DDA0DE /* UserImageUseCase.swift in Sources */,
				2BB44ADB235E15F500DDA0DE /* DetailsView.swift in Sources */,
				2BB44AD3235E15F500DDA0DE /* UserImageGateway.swift in Sources */,
				2BB44AD6235E15F500DDA0DE /* IssueGateway.swift in Sources */,
				2BB44ADA235E15F500DDA0DE /* HomeViewController.swift in Sources */,
				2B0F7B82235E571200D6C119 /* Button.swift in Sources */,
				2BB44AD5235E15F500DDA0DE /* UserImagePresenter.swift in Sources */,
				2BB44AE2235E15F500DDA0DE /* CodeView.swift in Sources */,
				2BB44ADD235E15F500DDA0DE /* ApiManager.swift in Sources */,
				2BDAE2F8235E157B002DBE84 /* AppDelegate.swift in Sources */,
				2BB44ADF235E15F500DDA0DE /* IssueCardTableViewCell.swift in Sources */,
				2B0F7B78235E3E6E00D6C119 /* UserDefaultManager.swift in Sources */,
				2BED14D3235FA35F00A9BF35 /* Label.swift in Sources */,
				2BB44ADC235E15F500DDA0DE /* DetailsViewController.swift in Sources */,
				2BDAE2FA235E157B002DBE84 /* SceneDelegate.swift in Sources */,
				2BB44AE7235E160200DDA0DE /* User.swift in Sources */,
			);
			runOnlyForDeploymentPostprocessing = 0;
		};
		2BDAE306235E157D002DBE84 /* Sources */ = {
			isa = PBXSourcesBuildPhase;
			buildActionMask = 2147483647;
			files = (
				2BDAE30F235E157D002DBE84 /* Dev_br_VagasTests.swift in Sources */,
			);
			runOnlyForDeploymentPostprocessing = 0;
		};
/* End PBXSourcesBuildPhase section */

/* Begin PBXTargetDependency section */
		2BDAE30C235E157D002DBE84 /* PBXTargetDependency */ = {
			isa = PBXTargetDependency;
			target = 2BDAE2F3235E157B002DBE84 /* Dev.br Vagas */;
			targetProxy = 2BDAE30B235E157D002DBE84 /* PBXContainerItemProxy */;
		};
/* End PBXTargetDependency section */

/* Begin PBXVariantGroup section */
		2BDAE302235E157D002DBE84 /* LaunchScreen.storyboard */ = {
			isa = PBXVariantGroup;
			children = (
				2BDAE303235E157D002DBE84 /* Base */,
			);
			name = LaunchScreen.storyboard;
			sourceTree = "<group>";
		};
/* End PBXVariantGroup section */

/* Begin XCBuildConfiguration section */
		2BDAE311235E157D002DBE84 /* Debug */ = {
			isa = XCBuildConfiguration;
			buildSettings = {
				ALWAYS_SEARCH_USER_PATHS = NO;
				CLANG_ANALYZER_NONNULL = YES;
				CLANG_ANALYZER_NUMBER_OBJECT_CONVERSION = YES_AGGRESSIVE;
				CLANG_CXX_LANGUAGE_STANDARD = "gnu++14";
				CLANG_CXX_LIBRARY = "libc++";
				CLANG_ENABLE_MODULES = YES;
				CLANG_ENABLE_OBJC_ARC = YES;
				CLANG_ENABLE_OBJC_WEAK = YES;
				CLANG_WARN_BLOCK_CAPTURE_AUTORELEASING = YES;
				CLANG_WARN_BOOL_CONVERSION = YES;
				CLANG_WARN_COMMA = YES;
				CLANG_WARN_CONSTANT_CONVERSION = YES;
				CLANG_WARN_DEPRECATED_OBJC_IMPLEMENTATIONS = YES;
				CLANG_WARN_DIRECT_OBJC_ISA_USAGE = YES_ERROR;
				CLANG_WARN_DOCUMENTATION_COMMENTS = YES;
				CLANG_WARN_EMPTY_BODY = YES;
				CLANG_WARN_ENUM_CONVERSION = YES;
				CLANG_WARN_INFINITE_RECURSION = YES;
				CLANG_WARN_INT_CONVERSION = YES;
				CLANG_WARN_NON_LITERAL_NULL_CONVERSION = YES;
				CLANG_WARN_OBJC_IMPLICIT_RETAIN_SELF = YES;
				CLANG_WARN_OBJC_LITERAL_CONVERSION = YES;
				CLANG_WARN_OBJC_ROOT_CLASS = YES_ERROR;
				CLANG_WARN_RANGE_LOOP_ANALYSIS = YES;
				CLANG_WARN_STRICT_PROTOTYPES = YES;
				CLANG_WARN_SUSPICIOUS_MOVE = YES;
				CLANG_WARN_UNGUARDED_AVAILABILITY = YES_AGGRESSIVE;
				CLANG_WARN_UNREACHABLE_CODE = YES;
				CLANG_WARN__DUPLICATE_METHOD_MATCH = YES;
				COPY_PHASE_STRIP = NO;
				DEBUG_INFORMATION_FORMAT = dwarf;
				ENABLE_STRICT_OBJC_MSGSEND = YES;
				ENABLE_TESTABILITY = YES;
				GCC_C_LANGUAGE_STANDARD = gnu11;
				GCC_DYNAMIC_NO_PIC = NO;
				GCC_NO_COMMON_BLOCKS = YES;
				GCC_OPTIMIZATION_LEVEL = 0;
				GCC_PREPROCESSOR_DEFINITIONS = (
					"DEBUG=1",
					"$(inherited)",
				);
				GCC_WARN_64_TO_32_BIT_CONVERSION = YES;
				GCC_WARN_ABOUT_RETURN_TYPE = YES_ERROR;
				GCC_WARN_UNDECLARED_SELECTOR = YES;
				GCC_WARN_UNINITIALIZED_AUTOS = YES_AGGRESSIVE;
				GCC_WARN_UNUSED_FUNCTION = YES;
				GCC_WARN_UNUSED_VARIABLE = YES;
				IPHONEOS_DEPLOYMENT_TARGET = 13.0;
				MTL_ENABLE_DEBUG_INFO = INCLUDE_SOURCE;
				MTL_FAST_MATH = YES;
				ONLY_ACTIVE_ARCH = YES;
				SDKROOT = iphoneos;
				SWIFT_ACTIVE_COMPILATION_CONDITIONS = DEBUG;
				SWIFT_OPTIMIZATION_LEVEL = "-Onone";
			};
			name = Debug;
		};
		2BDAE312235E157D002DBE84 /* Release */ = {
			isa = XCBuildConfiguration;
			buildSettings = {
				ALWAYS_SEARCH_USER_PATHS = NO;
				CLANG_ANALYZER_NONNULL = YES;
				CLANG_ANALYZER_NUMBER_OBJECT_CONVERSION = YES_AGGRESSIVE;
				CLANG_CXX_LANGUAGE_STANDARD = "gnu++14";
				CLANG_CXX_LIBRARY = "libc++";
				CLANG_ENABLE_MODULES = YES;
				CLANG_ENABLE_OBJC_ARC = YES;
				CLANG_ENABLE_OBJC_WEAK = YES;
				CLANG_WARN_BLOCK_CAPTURE_AUTORELEASING = YES;
				CLANG_WARN_BOOL_CONVERSION = YES;
				CLANG_WARN_COMMA = YES;
				CLANG_WARN_CONSTANT_CONVERSION = YES;
				CLANG_WARN_DEPRECATED_OBJC_IMPLEMENTATIONS = YES;
				CLANG_WARN_DIRECT_OBJC_ISA_USAGE = YES_ERROR;
				CLANG_WARN_DOCUMENTATION_COMMENTS = YES;
				CLANG_WARN_EMPTY_BODY = YES;
				CLANG_WARN_ENUM_CONVERSION = YES;
				CLANG_WARN_INFINITE_RECURSION = YES;
				CLANG_WARN_INT_CONVERSION = YES;
				CLANG_WARN_NON_LITERAL_NULL_CONVERSION = YES;
				CLANG_WARN_OBJC_IMPLICIT_RETAIN_SELF = YES;
				CLANG_WARN_OBJC_LITERAL_CONVERSION = YES;
				CLANG_WARN_OBJC_ROOT_CLASS = YES_ERROR;
				CLANG_WARN_RANGE_LOOP_ANALYSIS = YES;
				CLANG_WARN_STRICT_PROTOTYPES = YES;
				CLANG_WARN_SUSPICIOUS_MOVE = YES;
				CLANG_WARN_UNGUARDED_AVAILABILITY = YES_AGGRESSIVE;
				CLANG_WARN_UNREACHABLE_CODE = YES;
				CLANG_WARN__DUPLICATE_METHOD_MATCH = YES;
				COPY_PHASE_STRIP = NO;
				DEBUG_INFORMATION_FORMAT = "dwarf-with-dsym";
				ENABLE_NS_ASSERTIONS = NO;
				ENABLE_STRICT_OBJC_MSGSEND = YES;
				GCC_C_LANGUAGE_STANDARD = gnu11;
				GCC_NO_COMMON_BLOCKS = YES;
				GCC_WARN_64_TO_32_BIT_CONVERSION = YES;
				GCC_WARN_ABOUT_RETURN_TYPE = YES_ERROR;
				GCC_WARN_UNDECLARED_SELECTOR = YES;
				GCC_WARN_UNINITIALIZED_AUTOS = YES_AGGRESSIVE;
				GCC_WARN_UNUSED_FUNCTION = YES;
				GCC_WARN_UNUSED_VARIABLE = YES;
				IPHONEOS_DEPLOYMENT_TARGET = 13.0;
				MTL_ENABLE_DEBUG_INFO = NO;
				MTL_FAST_MATH = YES;
				SDKROOT = iphoneos;
				SWIFT_COMPILATION_MODE = wholemodule;
				SWIFT_OPTIMIZATION_LEVEL = "-O";
				VALIDATE_PRODUCT = YES;
			};
			name = Release;
		};
		2BDAE314235E157D002DBE84 /* Debug */ = {
			isa = XCBuildConfiguration;
			baseConfigurationReference = 9352AD7097F5D13AE0DD8521 /* Pods-Dev.br Vagas.debug.xcconfig */;
			buildSettings = {
				ASSETCATALOG_COMPILER_APPICON_NAME = AppIcon;
				CODE_SIGN_STYLE = Automatic;
				DEVELOPMENT_TEAM = VA7DWMQ39T;
				INFOPLIST_FILE = "Dev.br Vagas/Info.plist";
				LD_RUNPATH_SEARCH_PATHS = (
					"$(inherited)",
					"@executable_path/Frameworks",
				);
				PRODUCT_BUNDLE_IDENTIFIER = "com.paulocardosob.Dev-br-Vagas";
				PRODUCT_NAME = "$(TARGET_NAME)";
				SWIFT_VERSION = 5.0;
				TARGETED_DEVICE_FAMILY = "1,2";
			};
			name = Debug;
		};
		2BDAE315235E157D002DBE84 /* Release */ = {
			isa = XCBuildConfiguration;
			baseConfigurationReference = 6F522D2E25062360F62EF483 /* Pods-Dev.br Vagas.release.xcconfig */;
			buildSettings = {
				ASSETCATALOG_COMPILER_APPICON_NAME = AppIcon;
				CODE_SIGN_STYLE = Automatic;
				DEVELOPMENT_TEAM = VA7DWMQ39T;
				INFOPLIST_FILE = "Dev.br Vagas/Info.plist";
				LD_RUNPATH_SEARCH_PATHS = (
					"$(inherited)",
					"@executable_path/Frameworks",
				);
				PRODUCT_BUNDLE_IDENTIFIER = "com.paulocardosob.Dev-br-Vagas";
				PRODUCT_NAME = "$(TARGET_NAME)";
				SWIFT_VERSION = 5.0;
				TARGETED_DEVICE_FAMILY = "1,2";
			};
			name = Release;
		};
		2BDAE317235E157D002DBE84 /* Debug */ = {
			isa = XCBuildConfiguration;
			baseConfigurationReference = EC66C23F1A03576C92EFFFEA /* Pods-Dev.br VagasTests.debug.xcconfig */;
			buildSettings = {
				ALWAYS_EMBED_SWIFT_STANDARD_LIBRARIES = YES;
				BUNDLE_LOADER = "$(TEST_HOST)";
				CODE_SIGN_STYLE = Automatic;
				DEVELOPMENT_TEAM = VA7DWMQ39T;
				INFOPLIST_FILE = "Dev.br VagasTests/Info.plist";
				IPHONEOS_DEPLOYMENT_TARGET = 13.0;
				LD_RUNPATH_SEARCH_PATHS = (
					"$(inherited)",
					"@executable_path/Frameworks",
					"@loader_path/Frameworks",
				);
				PRODUCT_BUNDLE_IDENTIFIER = "com.paulocardosob.Dev-br-VagasTests";
				PRODUCT_NAME = "$(TARGET_NAME)";
				SWIFT_VERSION = 5.0;
				TARGETED_DEVICE_FAMILY = "1,2";
				TEST_HOST = "$(BUILT_PRODUCTS_DIR)/Dev.br Vagas.app/Dev.br Vagas";
			};
			name = Debug;
		};
		2BDAE318235E157D002DBE84 /* Release */ = {
			isa = XCBuildConfiguration;
			baseConfigurationReference = 9536202F30F4E5AFB120E7C9 /* Pods-Dev.br VagasTests.release.xcconfig */;
			buildSettings = {
				ALWAYS_EMBED_SWIFT_STANDARD_LIBRARIES = YES;
				BUNDLE_LOADER = "$(TEST_HOST)";
				CODE_SIGN_STYLE = Automatic;
				DEVELOPMENT_TEAM = VA7DWMQ39T;
				INFOPLIST_FILE = "Dev.br VagasTests/Info.plist";
				IPHONEOS_DEPLOYMENT_TARGET = 13.0;
				LD_RUNPATH_SEARCH_PATHS = (
					"$(inherited)",
					"@executable_path/Frameworks",
					"@loader_path/Frameworks",
				);
				PRODUCT_BUNDLE_IDENTIFIER = "com.paulocardosob.Dev-br-VagasTests";
				PRODUCT_NAME = "$(TARGET_NAME)";
				SWIFT_VERSION = 5.0;
				TARGETED_DEVICE_FAMILY = "1,2";
				TEST_HOST = "$(BUILT_PRODUCTS_DIR)/Dev.br Vagas.app/Dev.br Vagas";
			};
			name = Release;
		};
/* End XCBuildConfiguration section */

/* Begin XCConfigurationList section */
		2BDAE2EF235E157B002DBE84 /* Build configuration list for PBXProject "Dev.br Vagas" */ = {
			isa = XCConfigurationList;
			buildConfigurations = (
				2BDAE311235E157D002DBE84 /* Debug */,
				2BDAE312235E157D002DBE84 /* Release */,
			);
			defaultConfigurationIsVisible = 0;
			defaultConfigurationName = Release;
		};
		2BDAE313235E157D002DBE84 /* Build configuration list for PBXNativeTarget "Dev.br Vagas" */ = {
			isa = XCConfigurationList;
			buildConfigurations = (
				2BDAE314235E157D002DBE84 /* Debug */,
				2BDAE315235E157D002DBE84 /* Release */,
			);
			defaultConfigurationIsVisible = 0;
			defaultConfigurationName = Release;
		};
		2BDAE316235E157D002DBE84 /* Build configuration list for PBXNativeTarget "Dev.br VagasTests" */ = {
			isa = XCConfigurationList;
			buildConfigurations = (
				2BDAE317235E157D002DBE84 /* Debug */,
				2BDAE318235E157D002DBE84 /* Release */,
			);
			defaultConfigurationIsVisible = 0;
			defaultConfigurationName = Release;
		};
/* End XCConfigurationList section */
	};
	rootObject = 2BDAE2EC235E157B002DBE84 /* Project object */;
}
